// !$*UTF8*$!
{
	archiveVersion = 1;
	classes = {
	};
	objectVersion = 46;
	objects = {

/* Begin PBXBuildFile section */
		F525BA9B1E2A6BE30045D0D1 /* AppDelegate.swift in Sources */ = {isa = PBXBuildFile; fileRef = F525BA9A1E2A6BE30045D0D1 /* AppDelegate.swift */; };
		F525BA9D1E2A6BE30045D0D1 /* ViewController.swift in Sources */ = {isa = PBXBuildFile; fileRef = F525BA9C1E2A6BE30045D0D1 /* ViewController.swift */; };
		F525BAA01E2A6BE30045D0D1 /* Main.storyboard in Resources */ = {isa = PBXBuildFile; fileRef = F525BA9E1E2A6BE30045D0D1 /* Main.storyboard */; };
		F525BAA21E2A6BE30045D0D1 /* Assets.xcassets in Resources */ = {isa = PBXBuildFile; fileRef = F525BAA11E2A6BE30045D0D1 /* Assets.xcassets */; };
		F525BAA51E2A6BE30045D0D1 /* LaunchScreen.storyboard in Resources */ = {isa = PBXBuildFile; fileRef = F525BAA31E2A6BE30045D0D1 /* LaunchScreen.storyboard */; };
/* End PBXBuildFile section */

/* Begin PBXFileReference section */
		F525BA971E2A6BE30045D0D1 /* iReview.app */ = {isa = PBXFileReference; explicitFileType = wrapper.application; includeInIndex = 0; path = iReview.app; sourceTree = BUILT_PRODUCTS_DIR; };
		F525BA9A1E2A6BE30045D0D1 /* AppDelegate.swift */ = {isa = PBXFileReference; lastKnownFileType = sourcecode.swift; path = AppDelegate.swift; sourceTree = "<group>"; };
		F525BA9C1E2A6BE30045D0D1 /* ViewController.swift */ = {isa = PBXFileReference; lastKnownFileType = sourcecode.swift; path = ViewController.swift; sourceTree = "<group>"; };
		F525BA9F1E2A6BE30045D0D1 /* Base */ = {isa = PBXFileReference; lastKnownFileType = file.storyboard; name = Base; path = Base.lproj/Main.storyboard; sourceTree = "<group>"; };
		F525BAA11E2A6BE30045D0D1 /* Assets.xcassets */ = {isa = PBXFileReference; lastKnownFileType = folder.assetcatalog; path = Assets.xcassets; sourceTree = "<group>"; };
		F525BAA41E2A6BE30045D0D1 /* Base */ = {isa = PBXFileReference; lastKnownFileType = file.storyboard; name = Base; path = Base.lproj/LaunchScreen.storyboard; sourceTree = "<group>"; };
		F525BAA61E2A6BE30045D0D1 /* Info.plist */ = {isa = PBXFileReference; lastKnownFileType = text.plist.xml; path = Info.plist; sourceTree = "<group>"; };
/* End PBXFileReference section */

/* Begin PBXFrameworksBuildPhase section */
		F525BA941E2A6BE30045D0D1 /* Frameworks */ = {
			isa = PBXFrameworksBuildPhase;
			buildActionMask = 2147483647;
			files = (
			);
			runOnlyForDeploymentPostprocessing = 0;
		};
/* End PBXFrameworksBuildPhase section */

/* Begin PBXGroup section */
		F525BA8E1E2A6BE30045D0D1 = {
			isa = PBXGroup;
			children = (
				F525BA991E2A6BE30045D0D1 /* iReview */,
				F525BA981E2A6BE30045D0D1 /* Products */,
			);
			sourceTree = "<group>";
		};
		F525BA981E2A6BE30045D0D1 /* Products */ = {
			isa = PBXGroup;
			children = (
				F525BA971E2A6BE30045D0D1 /* iReview.app */,
			);
			name = Products;
			sourceTree = "<group>";
		};
		F525BA991E2A6BE30045D0D1 /* iReview */ = {
			isa = PBXGroup;
			children = (
				F525BA9A1E2A6BE30045D0D1 /* AppDelegate.swift */,
				F525BA9C1E2A6BE30045D0D1 /* ViewController.swift */,
				F525BA9E1E2A6BE30045D0D1 /* Main.storyboard */,
				F525BAA11E2A6BE30045D0D1 /* Assets.xcassets */,
				F525BAA31E2A6BE30045D0D1 /* LaunchScreen.storyboard */,
				F525BAA61E2A6BE30045D0D1 /* Info.plist */,
			);
			path = iReview;
			sourceTree = "<group>";
		};
/* End PBXGroup section */

/* Begin PBXNativeTarget section */
		F525BA961E2A6BE30045D0D1 /* iReview */ = {
			isa = PBXNativeTarget;
			buildConfigurationList = F525BAA91E2A6BE30045D0D1 /* Build configuration list for PBXNativeTarget "iReview" */;
			buildPhases = (
				F525BA931E2A6BE30045D0D1 /* Sources */,
				F525BA941E2A6BE30045D0D1 /* Frameworks */,
				F525BA951E2A6BE30045D0D1 /* Resources */,
			);
			buildRules = (
			);
			dependencies = (
			);
			name = iReview;
			productName = iReview;
			productReference = F525BA971E2A6BE30045D0D1 /* iReview.app */;
			productType = "com.apple.product-type.application";
		};
/* End PBXNativeTarget section */

/* Begin PBXProject section */
		F525BA8F1E2A6BE30045D0D1 /* Project object */ = {
			isa = PBXProject;
			attributes = {
				LastSwiftUpdateCheck = 0820;
				LastUpgradeCheck = 0820;
				ORGANIZATIONNAME = "Samuel MCDONALD";
				TargetAttributes = {
					F525BA961E2A6BE30045D0D1 = {
						CreatedOnToolsVersion = 8.2.1;
						ProvisioningStyle = Automatic;
					};
				};
			};
			buildConfigurationList = F525BA921E2A6BE30045D0D1 /* Build configuration list for PBXProject "iReview" */;
			compatibilityVersion = "Xcode 3.2";
			developmentRegion = English;
			hasScannedForEncodings = 0;
			knownRegions = (
				en,
				Base,
			);
			mainGroup = F525BA8E1E2A6BE30045D0D1;
			productRefGroup = F525BA981E2A6BE30045D0D1 /* Products */;
			projectDirPath = "";
			projectRoot = "";
			targets = (
				F525BA961E2A6BE30045D0D1 /* iReview */,
			);
		};
/* End PBXProject section */

/* Begin PBXResourcesBuildPhase section */
		F525BA951E2A6BE30045D0D1 /* Resources */ = {
			isa = PBXResourcesBuildPhase;
			buildActionMask = 2147483647;
			files = (
				F525BAA51E2A6BE30045D0D1 /* LaunchScreen.storyboard in Resources */,
				F525BAA21E2A6BE30045D0D1 /* Assets.xcassets in Resources */,
				F525BAA01E2A6BE30045D0D1 /* Main.storyboard in Resources */,
			);
			runOnlyForDeploymentPostprocessing = 0;
		};
/* End PBXResourcesBuildPhase section */

/* Begin PBXSourcesBuildPhase section */
		F525BA931E2A6BE30045D0D1 /* Sources */ = {
			isa = PBXSourcesBuildPhase;
			buildActionMask = 2147483647;
			files = (
				F525BA9D1E2A6BE30045D0D1 /* ViewController.swift in Sources */,
				F525BA9B1E2A6BE30045D0D1 /* AppDelegate.swift in Sources */,
			);
			runOnlyForDeploymentPostprocessing = 0;
		};
/* End PBXSourcesBuildPhase section */

/* Begin PBXVariantGroup section */
		F525BA9E1E2A6BE30045D0D1 /* Main.storyboard */ = {
			isa = PBXVariantGroup;
			children = (
				F525BA9F1E2A6BE30045D0D1 /* Base */,
			);
			name = Main.storyboard;
			sourceTree = "<group>";
		};
		F525BAA31E2A6BE30045D0D1 /* LaunchScreen.storyboard */ = {
			isa = PBXVariantGroup;
			children = (
				F525BAA41E2A6BE30045D0D1 /* Base */,
			);
			name = LaunchScreen.storyboard;
			sourceTree = "<group>";
		};
/* End PBXVariantGroup section */

/* Begin XCBuildConfiguration section */
		F525BAA71E2A6BE30045D0D1 /* Debug */ = {
			isa = XCBuildConfiguration;
			buildSettings = {
				ALWAYS_SEARCH_USER_PATHS = NO;
				CLANG_ANALYZER_NONNULL = YES;
				CLANG_CXX_LANGUAGE_STANDARD = "gnu++0x";
				CLANG_CXX_LIBRARY = "libc++";
				CLANG_ENABLE_MODULES = YES;
				CLANG_ENABLE_OBJC_ARC = YES;
				CLANG_WARN_BOOL_CONVERSION = YES;
				CLANG_WARN_CONSTANT_CONVERSION = YES;
				CLANG_WARN_DIRECT_OBJC_ISA_USAGE = YES_ERROR;
				CLANG_WARN_DOCUMENTATION_COMMENTS = YES;
				CLANG_WARN_EMPTY_BODY = YES;
				CLANG_WARN_ENUM_CONVERSION = YES;
				CLANG_WARN_INFINITE_RECURSION = YES;
				CLANG_WARN_INT_CONVERSION = YES;
				CLANG_WARN_OBJC_ROOT_CLASS = YES_ERROR;
				CLANG_WARN_SUSPICIOUS_MOVE = YES;
				CLANG_WARN_UNREACHABLE_CODE = YES;
				CLANG_WARN__DUPLICATE_METHOD_MATCH = YES;
				"CODE_SIGN_IDENTITY[sdk=iphoneos*]" = "iPhone Developer";
				COPY_PHASE_STRIP = NO;
				DEBUG_INFORMATION_FORMAT = dwarf;
				ENABLE_STRICT_OBJC_MSGSEND = YES;
				ENABLE_TESTABILITY = YES;
				GCC_C_LANGUAGE_STANDARD = gnu99;
				GCC_DYNAMIC_NO_PIC = NO;
				GCC_NO_COMMON_BLOCKS = YES;
				GCC_OPTIMIZATION_LEVEL = 0;
				GCC_PREPROCESSOR_DEFINITIONS = (
					"DEBUG=1",
					"$(inherited)",
				);
				GCC_WARN_64_TO_32_BIT_CONVERSION = YES;
				GCC_WARN_ABOUT_RETURN_TYPE = YES_ERROR;
				GCC_WARN_UNDECLARED_SELECTOR = YES;
				GCC_WARN_UNINITIALIZED_AUTOS = YES_AGGRESSIVE;
				GCC_WARN_UNUSED_FUNCTION = YES;
				GCC_WARN_UNUSED_VARIABLE = YES;
				IPHONEOS_DEPLOYMENT_TARGET = 10.2;
				MTL_ENABLE_DEBUG_INFO = YES;
				ONLY_ACTIVE_ARCH = YES;
				SDKROOT = iphoneos;
				SWIFT_ACTIVE_COMPILATION_CONDITIONS = DEBUG;
				SWIFT_OPTIMIZATION_LEVEL = "-Onone";
				TARGETED_DEVICE_FAMILY = "1,2";
			};
			name = Debug;
		};
		F525BAA81E2A6BE30045D0D1 /* Release */ = {
			isa = XCBuildConfiguration;
			buildSettings = {
				ALWAYS_SEARCH_USER_PATHS = NO;
				CLANG_ANALYZER_NONNULL = YES;
				CLANG_CXX_LANGUAGE_STANDARD = "gnu++0x";
				CLANG_CXX_LIBRARY = "libc++";
				CLANG_ENABLE_MODULES = YES;
				CLANG_ENABLE_OBJC_ARC = YES;
				CLANG_WARN_BOOL_CONVERSION = YES;
				CLANG_WARN_CONSTANT_CONVERSION = YES;
				CLANG_WARN_DIRECT_OBJC_ISA_USAGE = YES_ERROR;
				CLANG_WARN_DOCUMENTATION_COMMENTS = YES;
				CLANG_WARN_EMPTY_BODY = YES;
				CLANG_WARN_ENUM_CONVERSION = YES;
				CLANG_WARN_INFINITE_RECURSION = YES;
				CLANG_WARN_INT_CONVERSION = YES;
				CLANG_WARN_OBJC_ROOT_CLASS = YES_ERROR;
				CLANG_WARN_SUSPICIOUS_MOVE = YES;
				CLANG_WARN_UNREACHABLE_CODE = YES;
				CLANG_WARN__DUPLICATE_METHOD_MATCH = YES;
				"CODE_SIGN_IDENTITY[sdk=iphoneos*]" = "iPhone Developer";
				COPY_PHASE_STRIP = NO;
				DEBUG_INFORMATION_FORMAT = "dwarf-with-dsym";
				ENABLE_NS_ASSERTIONS = NO;
				ENABLE_STRICT_OBJC_MSGSEND = YES;
				GCC_C_LANGUAGE_STANDARD = gnu99;
				GCC_NO_COMMON_BLOCKS = YES;
				GCC_WARN_64_TO_32_BIT_CONVERSION = YES;
				GCC_WARN_ABOUT_RETURN_TYPE = YES_ERROR;
				GCC_WARN_UNDECLARED_SELECTOR = YES;
				GCC_WARN_UNINITIALIZED_AUTOS = YES_AGGRESSIVE;
				GCC_WARN_UNUSED_FUNCTION = YES;
				GCC_WARN_UNUSED_VARIABLE = YES;
				IPHONEOS_DEPLOYMENT_TARGET = 10.2;
				MTL_ENABLE_DEBUG_INFO = NO;
				SDKROOT = iphoneos;
				SWIFT_OPTIMIZATION_LEVEL = "-Owholemodule";
				TARGETED_DEVICE_FAMILY = "1,2";
				VALIDATE_PRODUCT = YES;
			};
			name = Release;
		};
		F525BAAA1E2A6BE30045D0D1 /* Debug */ = {
			isa = XCBuildConfiguration;
			buildSettings = {
				ASSETCATALOG_COMPILER_APPICON_NAME = AppIcon;
				INFOPLIST_FILE = iReview/Info.plist;
				LD_RUNPATH_SEARCH_PATHS = "$(inherited) @executable_path/Frameworks";
				PRODUCT_BUNDLE_IDENTIFIER = vmsi.iReview;
				PRODUCT_NAME = "$(TARGET_NAME)";
				SWIFT_VERSION = 3.0;
			};
			name = Debug;
		};
		F525BAAB1E2A6BE30045D0D1 /* Release */ = {
			isa = XCBuildConfiguration;
			buildSettings = {
				ASSETCATALOG_COMPILER_APPICON_NAME = AppIcon;
				INFOPLIST_FILE = iReview/Info.plist;
				LD_RUNPATH_SEARCH_PATHS = "$(inherited) @executable_path/Frameworks";
				PRODUCT_BUNDLE_IDENTIFIER = vmsi.iReview;
				PRODUCT_NAME = "$(TARGET_NAME)";
				SWIFT_VERSION = 3.0;
			};
			name = Release;
		};
/* End XCBuildConfiguration section */

/* Begin XCConfigurationList section */
		F525BA921E2A6BE30045D0D1 /* Build configuration list for PBXProject "iReview" */ = {
			isa = XCConfigurationList;
			buildConfigurations = (
				F525BAA71E2A6BE30045D0D1 /* Debug */,
				F525BAA81E2A6BE30045D0D1 /* Release */,
			);
			defaultConfigurationIsVisible = 0;
			defaultConfigurationName = Release;
		};
		F525BAA91E2A6BE30045D0D1 /* Build configuration list for PBXNativeTarget "iReview" */ = {
			isa = XCConfigurationList;
			buildConfigurations = (
				F525BAAA1E2A6BE30045D0D1 /* Debug */,
				F525BAAB1E2A6BE30045D0D1 /* Release */,
			);
			defaultConfigurationIsVisible = 0;
		};
/* End XCConfigurationList section */
	};
	rootObject = F525BA8F1E2A6BE30045D0D1 /* Project object */;
}
